
Microsoft Visual Studio Solution File, Format Version 12.00
# Visual Studio Version 17
VisualStudioVersion = 17.3.32929.385
MinimumVisualStudioVersion = 10.0.40219.1
Project("{8BC9CEB8-8B4A-11D0-8D11-00A0C91BC942}") = "rngallery", "rngallery\rngallery.vcxproj", "{5E21AFCF-AAF9-4C22-A858-A53BB8CDE1FB}"
	ProjectSection(ProjectDependencies) = postProject
		{F7D32BD0-2749-483E-9A0D-1635EF7E3136} = {F7D32BD0-2749-483E-9A0D-1635EF7E3136}
	EndProjectSection
EndProject
Project("{8BC9CEB8-8B4A-11D0-8D11-00A0C91BC942}") = "Folly", "..\node_modules\react-native-windows\Folly\Folly.vcxproj", "{A990658C-CE31-4BCC-976F-0FC6B1AF693D}"
EndProject
Project("{8BC9CEB8-8B4A-11D0-8D11-00A0C91BC942}") = "fmt", "..\node_modules\react-native-windows\fmt\fmt.vcxproj", "{14B93DC8-FD93-4A6D-81CB-8BC96644501C}"
EndProject
Project("{8BC9CEB8-8B4A-11D0-8D11-00A0C91BC942}") = "ReactCommon", "..\node_modules\react-native-windows\ReactCommon\ReactCommon.vcxproj", "{A9D95A91-4DB7-4F72-BEB6-FE8A5C89BFBD}"
	ProjectSection(ProjectDependencies) = postProject
		{A990658C-CE31-4BCC-976F-0FC6B1AF693D} = {A990658C-CE31-4BCC-976F-0FC6B1AF693D}
	EndProjectSection
EndProject
Project("{8BC9CEB8-8B4A-11D0-8D11-00A0C91BC942}") = "Chakra", "..\node_modules\react-native-windows\Chakra\Chakra.vcxitems", "{C38970C0-5FBF-4D69-90D8-CBAC225AE895}"
EndProject
Project("{8BC9CEB8-8B4A-11D0-8D11-00A0C91BC942}") = "Microsoft.ReactNative", "..\node_modules\react-native-windows\Microsoft.ReactNative\Microsoft.ReactNative.vcxproj", "{F7D32BD0-2749-483E-9A0D-1635EF7E3136}"
EndProject
Project("{8BC9CEB8-8B4A-11D0-8D11-00A0C91BC942}") = "Microsoft.ReactNative.Cxx", "..\node_modules\react-native-windows\Microsoft.ReactNative.Cxx\Microsoft.ReactNative.Cxx.vcxitems", "{DA8B35B3-DA00-4B02-BDE6-6A397B3FD46B}"
EndProject
Project("{8BC9CEB8-8B4A-11D0-8D11-00A0C91BC942}") = "Common", "..\node_modules\react-native-windows\Common\Common.vcxproj", "{FCA38F3C-7C73-4C47-BE4E-32F77FA8538D}"
EndProject
Project("{2150E333-8FDC-42A3-9474-1A3956D46DE8}") = "ReactNative", "ReactNative", "{5EA20F54-880A-49F3-99FA-4B3FE54E8AB1}"
EndProject
Project("{8BC9CEB8-8B4A-11D0-8D11-00A0C91BC942}") = "Microsoft.ReactNative.Shared", "..\node_modules\react-native-windows\Shared\Shared.vcxitems", "{2049DBE9-8D13-42C9-AE4B-413AE38FFFD0}"
EndProject
Project("{8BC9CEB8-8B4A-11D0-8D11-00A0C91BC942}") = "Mso", "..\node_modules\react-native-windows\Mso\Mso.vcxitems", "{84E05BFA-CBAF-4F0D-BFB6-4CE85742A57E}"
EndProject
Project("{8BC9CEB8-8B4A-11D0-8D11-00A0C91BC942}") = "Include", "..\node_modules\react-native-windows\include\Include.vcxitems", "{EF074BA1-2D54-4D49-A28E-5E040B47CD2E}"
EndProject
Project("{8BC9CEB8-8B4A-11D0-8D11-00A0C91BC942}") = "ReactNativeExpander", "..\node_modules\@fluentui-react-native\experimental-expander\windows\ReactNativeExpander\ReactNativeExpander.vcxproj", "{A9669358-656D-4AB1-9AE8-11EFECE2597D}"
EndProject
Project("{8BC9CEB8-8B4A-11D0-8D11-00A0C91BC942}") = "Clipboard", "..\node_modules\@react-native-clipboard\clipboard\windows\Clipboard\Clipboard.vcxproj", "{99A938FA-9FF3-47A0-9256-195A06E7FDD1}"
EndProject
Project("{8BC9CEB8-8B4A-11D0-8D11-00A0C91BC942}") = "CheckboxWindows", "..\node_modules\@react-native-community\checkbox\windows\CheckboxWindows\CheckboxWindows.vcxproj", "{EAF81BEB-A159-4421-9B6D-E59C37828A57}"
EndProject
Project("{8BC9CEB8-8B4A-11D0-8D11-00A0C91BC942}") = "progress-view", "..\node_modules\@react-native-community\progress-view\windows\progress-view\progress-view.vcxproj", "{CA54A654-5E81-44DC-AF3F-CF55EF5B493A}"
EndProject
Project("{8BC9CEB8-8B4A-11D0-8D11-00A0C91BC942}") = "SliderWindows", "..\node_modules\@react-native-community\slider\windows\SliderWindows\SliderWindows.vcxproj", "{685A83AE-36BC-4E9D-BDC6-417EBF168463}"
EndProject
Project("{8BC9CEB8-8B4A-11D0-8D11-00A0C91BC942}") = "ReactNativePicker", "..\node_modules\@react-native-picker\picker\windows\ReactNativePicker\ReactNativePicker.vcxproj", "{BEDCC600-4541-41F2-AA46-9E058202B6AD}"
EndProject
Project("{8BC9CEB8-8B4A-11D0-8D11-00A0C91BC942}") = "RNSketchCanvas", "..\node_modules\@wwimmo\react-native-sketch-canvas\windows\RNSketchCanvas\RNSketchCanvas.vcxproj", "{F96593A0-46B4-47DA-A15A-7A135934CE1F}"
EndProject
Project("{8BC9CEB8-8B4A-11D0-8D11-00A0C91BC942}") = "RNCConfig", "..\node_modules\react-native-config\windows\RNCConfig\RNCConfig.vcxproj", "{F1F427C9-66A2-4ED5-B482-3D583B6B20C7}"
EndProject
Project("{8BC9CEB8-8B4A-11D0-8D11-00A0C91BC942}") = "RNDeviceInfoCPP", "..\node_modules\react-native-device-info\windows\RNDeviceInfoCPP\RNDeviceInfoCPP.vcxproj", "{3E3931F2-4735-4417-8CB0-33668A7314D6}"
EndProject
Project("{8BC9CEB8-8B4A-11D0-8D11-00A0C91BC942}") = "RNPermissions", "..\node_modules\react-native-permissions\windows\RNPermissions\RNPermissions.vcxproj", "{99677B9D-A27B-4239-930E-C36C8D339C54}"
EndProject
Project("{8BC9CEB8-8B4A-11D0-8D11-00A0C91BC942}") = "RNPrint", "..\node_modules\react-native-print\windows\RNPrint\RNPrint.vcxproj", "{6F9AC236-D97D-4C75-971B-91AC99D7C23B}"
EndProject
Project("{8BC9CEB8-8B4A-11D0-8D11-00A0C91BC942}") = "RNSensitiveInfoCPP", "..\node_modules\react-native-sensitive-info\windows\RNSensitiveInfoCPP\RNSensitiveInfoCPP.vcxproj", "{471024F1-CD6D-4F1E-A6C7-0037152C850E}"
EndProject
Project("{8BC9CEB8-8B4A-11D0-8D11-00A0C91BC942}") = "RNTrackPlayer", "..\node_modules\react-native-track-player\windows\RNTrackPlayer\RNTrackPlayer.vcxproj", "{CC51D49E-7FAB-42D2-825D-5E93AC57262C}"
EndProject
Project("{8BC9CEB8-8B4A-11D0-8D11-00A0C91BC942}") = "RNTTS", "..\node_modules\react-native-tts\windows\RNTTS\RNTTS.vcxproj", "{B250B404-D1A2-4171-851E-E80BA031DAF0}"
EndProject
Project("{8BC9CEB8-8B4A-11D0-8D11-00A0C91BC942}") = "ReactNativeWebView", "..\node_modules\react-native-webview\windows\ReactNativeWebView\ReactNativeWebView.vcxproj", "{00AA3765-C6A0-4713-B3F9-BFE47B9C83F5}"
EndProject
Project("{8BC9CEB8-8B4A-11D0-8D11-00A0C91BC942}") = "ReactNativeXaml", "..\node_modules\react-native-xaml\windows\ReactNativeXaml\ReactNativeXaml.vcxproj", "{0FF7027A-222C-4FFB-8F17-91D18BBAF7A8}"
EndProject
Project("{8BC9CEB8-8B4A-11D0-8D11-00A0C91BC942}") = "ReactNativeWindowsHello", "..\node_modules\react-native-windows-hello\windows\ReactNativeWindowsHello\ReactNativeWindowsHello.vcxproj", "{82BF2B2C-EDA5-47CA-A9F5-56BA622A15EA}"
EndProject
Project("{8BC9CEB8-8B4A-11D0-8D11-00A0C91BC942}") = "DateTimePicker", "..\node_modules\@react-native-community\datetimepicker\windows\DateTimePickerWindows\DateTimePickerWindows.vcxproj", "{0986A4DB-8E72-4BB7-AE32-7D9DF1758A9D}"
EndProject
Global
	GlobalSection(SolutionConfigurationPlatforms) = preSolution
		Debug|ARM64 = Debug|ARM64
		Debug|x64 = Debug|x64
		Debug|x86 = Debug|x86
		Release|ARM64 = Release|ARM64
		Release|x64 = Release|x64
		Release|x86 = Release|x86
	EndGlobalSection
	GlobalSection(ProjectConfigurationPlatforms) = postSolution
		{5E21AFCF-AAF9-4C22-A858-A53BB8CDE1FB}.Debug|ARM64.ActiveCfg = Debug|ARM64
		{5E21AFCF-AAF9-4C22-A858-A53BB8CDE1FB}.Debug|ARM64.Build.0 = Debug|ARM64
		{5E21AFCF-AAF9-4C22-A858-A53BB8CDE1FB}.Debug|ARM64.Deploy.0 = Debug|ARM64
		{5E21AFCF-AAF9-4C22-A858-A53BB8CDE1FB}.Debug|x64.ActiveCfg = Debug|x64
		{5E21AFCF-AAF9-4C22-A858-A53BB8CDE1FB}.Debug|x64.Build.0 = Debug|x64
		{5E21AFCF-AAF9-4C22-A858-A53BB8CDE1FB}.Debug|x64.Deploy.0 = Debug|x64
		{5E21AFCF-AAF9-4C22-A858-A53BB8CDE1FB}.Debug|x86.ActiveCfg = Debug|Win32
		{5E21AFCF-AAF9-4C22-A858-A53BB8CDE1FB}.Debug|x86.Build.0 = Debug|Win32
		{5E21AFCF-AAF9-4C22-A858-A53BB8CDE1FB}.Debug|x86.Deploy.0 = Debug|Win32
		{5E21AFCF-AAF9-4C22-A858-A53BB8CDE1FB}.Release|ARM64.ActiveCfg = Release|ARM64
		{5E21AFCF-AAF9-4C22-A858-A53BB8CDE1FB}.Release|ARM64.Build.0 = Release|ARM64
		{5E21AFCF-AAF9-4C22-A858-A53BB8CDE1FB}.Release|ARM64.Deploy.0 = Release|ARM64
		{5E21AFCF-AAF9-4C22-A858-A53BB8CDE1FB}.Release|x64.ActiveCfg = Release|x64
		{5E21AFCF-AAF9-4C22-A858-A53BB8CDE1FB}.Release|x64.Build.0 = Release|x64
		{5E21AFCF-AAF9-4C22-A858-A53BB8CDE1FB}.Release|x64.Deploy.0 = Release|x64
		{5E21AFCF-AAF9-4C22-A858-A53BB8CDE1FB}.Release|x86.ActiveCfg = Release|Win32
		{5E21AFCF-AAF9-4C22-A858-A53BB8CDE1FB}.Release|x86.Build.0 = Release|Win32
		{5E21AFCF-AAF9-4C22-A858-A53BB8CDE1FB}.Release|x86.Deploy.0 = Release|Win32
		{A990658C-CE31-4BCC-976F-0FC6B1AF693D}.Debug|ARM64.ActiveCfg = Debug|ARM64
		{A990658C-CE31-4BCC-976F-0FC6B1AF693D}.Debug|ARM64.Build.0 = Debug|ARM64
		{A990658C-CE31-4BCC-976F-0FC6B1AF693D}.Debug|x64.ActiveCfg = Debug|x64
		{A990658C-CE31-4BCC-976F-0FC6B1AF693D}.Debug|x64.Build.0 = Debug|x64
		{A990658C-CE31-4BCC-976F-0FC6B1AF693D}.Debug|x86.ActiveCfg = Debug|Win32
		{A990658C-CE31-4BCC-976F-0FC6B1AF693D}.Debug|x86.Build.0 = Debug|Win32
		{A990658C-CE31-4BCC-976F-0FC6B1AF693D}.Release|ARM64.ActiveCfg = Release|ARM64
		{A990658C-CE31-4BCC-976F-0FC6B1AF693D}.Release|ARM64.Build.0 = Release|ARM64
		{A990658C-CE31-4BCC-976F-0FC6B1AF693D}.Release|x64.ActiveCfg = Release|x64
		{A990658C-CE31-4BCC-976F-0FC6B1AF693D}.Release|x64.Build.0 = Release|x64
		{A990658C-CE31-4BCC-976F-0FC6B1AF693D}.Release|x86.ActiveCfg = Release|Win32
		{A990658C-CE31-4BCC-976F-0FC6B1AF693D}.Release|x86.Build.0 = Release|Win32
		{14B93DC8-FD93-4A6D-81CB-8BC96644501C}.Debug|ARM64.ActiveCfg = Debug|ARM64
		{14B93DC8-FD93-4A6D-81CB-8BC96644501C}.Debug|ARM64.Build.0 = Debug|ARM64
		{14B93DC8-FD93-4A6D-81CB-8BC96644501C}.Debug|x64.ActiveCfg = Debug|x64
		{14B93DC8-FD93-4A6D-81CB-8BC96644501C}.Debug|x64.Build.0 = Debug|x64
		{14B93DC8-FD93-4A6D-81CB-8BC96644501C}.Debug|x86.ActiveCfg = Debug|Win32
		{14B93DC8-FD93-4A6D-81CB-8BC96644501C}.Debug|x86.Build.0 = Debug|Win32
		{14B93DC8-FD93-4A6D-81CB-8BC96644501C}.Debug|x86.Deploy.0 = Debug|Win32
		{14B93DC8-FD93-4A6D-81CB-8BC96644501C}.Release|ARM64.ActiveCfg = Release|ARM64
		{14B93DC8-FD93-4A6D-81CB-8BC96644501C}.Release|ARM64.Build.0 = Release|ARM64
		{14B93DC8-FD93-4A6D-81CB-8BC96644501C}.Release|x64.ActiveCfg = Release|x64
		{14B93DC8-FD93-4A6D-81CB-8BC96644501C}.Release|x64.Build.0 = Release|x64
		{14B93DC8-FD93-4A6D-81CB-8BC96644501C}.Release|x86.ActiveCfg = Release|Win32
		{14B93DC8-FD93-4A6D-81CB-8BC96644501C}.Release|x86.Build.0 = Release|Win32
		{14B93DC8-FD93-4A6D-81CB-8BC96644501C}.Release|x86.Deploy.0 = Release|Win32
		{A9D95A91-4DB7-4F72-BEB6-FE8A5C89BFBD}.Debug|ARM64.ActiveCfg = Debug|ARM64
		{A9D95A91-4DB7-4F72-BEB6-FE8A5C89BFBD}.Debug|ARM64.Build.0 = Debug|ARM64
		{A9D95A91-4DB7-4F72-BEB6-FE8A5C89BFBD}.Debug|x64.ActiveCfg = Debug|x64
		{A9D95A91-4DB7-4F72-BEB6-FE8A5C89BFBD}.Debug|x64.Build.0 = Debug|x64
		{A9D95A91-4DB7-4F72-BEB6-FE8A5C89BFBD}.Debug|x86.ActiveCfg = Debug|Win32
		{A9D95A91-4DB7-4F72-BEB6-FE8A5C89BFBD}.Debug|x86.Build.0 = Debug|Win32
		{A9D95A91-4DB7-4F72-BEB6-FE8A5C89BFBD}.Release|ARM64.ActiveCfg = Release|ARM64
		{A9D95A91-4DB7-4F72-BEB6-FE8A5C89BFBD}.Release|ARM64.Build.0 = Release|ARM64
		{A9D95A91-4DB7-4F72-BEB6-FE8A5C89BFBD}.Release|x64.ActiveCfg = Release|x64
		{A9D95A91-4DB7-4F72-BEB6-FE8A5C89BFBD}.Release|x64.Build.0 = Release|x64
		{A9D95A91-4DB7-4F72-BEB6-FE8A5C89BFBD}.Release|x86.ActiveCfg = Release|Win32
		{A9D95A91-4DB7-4F72-BEB6-FE8A5C89BFBD}.Release|x86.Build.0 = Release|Win32
		{F7D32BD0-2749-483E-9A0D-1635EF7E3136}.Debug|ARM64.ActiveCfg = Debug|ARM64
		{F7D32BD0-2749-483E-9A0D-1635EF7E3136}.Debug|ARM64.Build.0 = Debug|ARM64
		{F7D32BD0-2749-483E-9A0D-1635EF7E3136}.Debug|x64.ActiveCfg = Debug|x64
		{F7D32BD0-2749-483E-9A0D-1635EF7E3136}.Debug|x64.Build.0 = Debug|x64
		{F7D32BD0-2749-483E-9A0D-1635EF7E3136}.Debug|x86.ActiveCfg = Debug|Win32
		{F7D32BD0-2749-483E-9A0D-1635EF7E3136}.Debug|x86.Build.0 = Debug|Win32
		{F7D32BD0-2749-483E-9A0D-1635EF7E3136}.Release|ARM64.ActiveCfg = Release|ARM64
		{F7D32BD0-2749-483E-9A0D-1635EF7E3136}.Release|ARM64.Build.0 = Release|ARM64
		{F7D32BD0-2749-483E-9A0D-1635EF7E3136}.Release|x64.ActiveCfg = Release|x64
		{F7D32BD0-2749-483E-9A0D-1635EF7E3136}.Release|x64.Build.0 = Release|x64
		{F7D32BD0-2749-483E-9A0D-1635EF7E3136}.Release|x86.ActiveCfg = Release|Win32
		{F7D32BD0-2749-483E-9A0D-1635EF7E3136}.Release|x86.Build.0 = Release|Win32
		{FCA38F3C-7C73-4C47-BE4E-32F77FA8538D}.Debug|ARM64.ActiveCfg = Debug|ARM64
		{FCA38F3C-7C73-4C47-BE4E-32F77FA8538D}.Debug|ARM64.Build.0 = Debug|ARM64
		{FCA38F3C-7C73-4C47-BE4E-32F77FA8538D}.Debug|x64.ActiveCfg = Debug|x64
		{FCA38F3C-7C73-4C47-BE4E-32F77FA8538D}.Debug|x64.Build.0 = Debug|x64
		{FCA38F3C-7C73-4C47-BE4E-32F77FA8538D}.Debug|x86.ActiveCfg = Debug|Win32
		{FCA38F3C-7C73-4C47-BE4E-32F77FA8538D}.Debug|x86.Build.0 = Debug|Win32
		{FCA38F3C-7C73-4C47-BE4E-32F77FA8538D}.Release|ARM64.ActiveCfg = Release|ARM64
		{FCA38F3C-7C73-4C47-BE4E-32F77FA8538D}.Release|ARM64.Build.0 = Release|ARM64
		{FCA38F3C-7C73-4C47-BE4E-32F77FA8538D}.Release|x64.ActiveCfg = Release|x64
		{FCA38F3C-7C73-4C47-BE4E-32F77FA8538D}.Release|x64.Build.0 = Release|x64
		{FCA38F3C-7C73-4C47-BE4E-32F77FA8538D}.Release|x86.ActiveCfg = Release|Win32
		{FCA38F3C-7C73-4C47-BE4E-32F77FA8538D}.Release|x86.Build.0 = Release|Win32
		{A9669358-656D-4AB1-9AE8-11EFECE2597D}.Debug|ARM64.ActiveCfg = Debug|ARM64
		{A9669358-656D-4AB1-9AE8-11EFECE2597D}.Debug|ARM64.Build.0 = Debug|ARM64
		{A9669358-656D-4AB1-9AE8-11EFECE2597D}.Debug|x64.ActiveCfg = Debug|x64
		{A9669358-656D-4AB1-9AE8-11EFECE2597D}.Debug|x64.Build.0 = Debug|x64
		{A9669358-656D-4AB1-9AE8-11EFECE2597D}.Debug|x86.ActiveCfg = Debug|Win32
		{A9669358-656D-4AB1-9AE8-11EFECE2597D}.Debug|x86.Build.0 = Debug|Win32
		{A9669358-656D-4AB1-9AE8-11EFECE2597D}.Release|ARM64.ActiveCfg = Release|ARM64
		{A9669358-656D-4AB1-9AE8-11EFECE2597D}.Release|ARM64.Build.0 = Release|ARM64
		{A9669358-656D-4AB1-9AE8-11EFECE2597D}.Release|x64.ActiveCfg = Release|x64
		{A9669358-656D-4AB1-9AE8-11EFECE2597D}.Release|x64.Build.0 = Release|x64
		{A9669358-656D-4AB1-9AE8-11EFECE2597D}.Release|x86.ActiveCfg = Release|Win32
		{A9669358-656D-4AB1-9AE8-11EFECE2597D}.Release|x86.Build.0 = Release|Win32
		{99A938FA-9FF3-47A0-9256-195A06E7FDD1}.Debug|ARM64.ActiveCfg = Debug|ARM64
		{99A938FA-9FF3-47A0-9256-195A06E7FDD1}.Debug|ARM64.Build.0 = Debug|ARM64
		{99A938FA-9FF3-47A0-9256-195A06E7FDD1}.Debug|x64.ActiveCfg = Debug|x64
		{99A938FA-9FF3-47A0-9256-195A06E7FDD1}.Debug|x64.Build.0 = Debug|x64
		{99A938FA-9FF3-47A0-9256-195A06E7FDD1}.Debug|x86.ActiveCfg = Debug|Win32
		{99A938FA-9FF3-47A0-9256-195A06E7FDD1}.Debug|x86.Build.0 = Debug|Win32
		{99A938FA-9FF3-47A0-9256-195A06E7FDD1}.Release|ARM64.ActiveCfg = Release|ARM64
		{99A938FA-9FF3-47A0-9256-195A06E7FDD1}.Release|ARM64.Build.0 = Release|ARM64
		{99A938FA-9FF3-47A0-9256-195A06E7FDD1}.Release|x64.ActiveCfg = Release|x64
		{99A938FA-9FF3-47A0-9256-195A06E7FDD1}.Release|x64.Build.0 = Release|x64
		{99A938FA-9FF3-47A0-9256-195A06E7FDD1}.Release|x86.ActiveCfg = Release|Win32
		{99A938FA-9FF3-47A0-9256-195A06E7FDD1}.Release|x86.Build.0 = Release|Win32
		{EAF81BEB-A159-4421-9B6D-E59C37828A57}.Debug|ARM64.ActiveCfg = Debug|ARM64
		{EAF81BEB-A159-4421-9B6D-E59C37828A57}.Debug|ARM64.Build.0 = Debug|ARM64
		{EAF81BEB-A159-4421-9B6D-E59C37828A57}.Debug|x64.ActiveCfg = Debug|x64
		{EAF81BEB-A159-4421-9B6D-E59C37828A57}.Debug|x64.Build.0 = Debug|x64
		{EAF81BEB-A159-4421-9B6D-E59C37828A57}.Debug|x86.ActiveCfg = Debug|Win32
		{EAF81BEB-A159-4421-9B6D-E59C37828A57}.Debug|x86.Build.0 = Debug|Win32
		{EAF81BEB-A159-4421-9B6D-E59C37828A57}.Release|ARM64.ActiveCfg = Release|ARM64
		{EAF81BEB-A159-4421-9B6D-E59C37828A57}.Release|ARM64.Build.0 = Release|ARM64
		{EAF81BEB-A159-4421-9B6D-E59C37828A57}.Release|x64.ActiveCfg = Release|x64
		{EAF81BEB-A159-4421-9B6D-E59C37828A57}.Release|x64.Build.0 = Release|x64
		{EAF81BEB-A159-4421-9B6D-E59C37828A57}.Release|x86.ActiveCfg = Release|Win32
		{EAF81BEB-A159-4421-9B6D-E59C37828A57}.Release|x86.Build.0 = Release|Win32
		{0986A4DB-8E72-4BB7-AE32-7D9DF1758A9D}.Debug|ARM64.ActiveCfg = Debug|ARM64
		{0986A4DB-8E72-4BB7-AE32-7D9DF1758A9D}.Debug|ARM64.Build.0 = Debug|ARM64
		{0986A4DB-8E72-4BB7-AE32-7D9DF1758A9D}.Debug|x64.ActiveCfg = Debug|x64
		{0986A4DB-8E72-4BB7-AE32-7D9DF1758A9D}.Debug|x64.Build.0 = Debug|x64
		{0986A4DB-8E72-4BB7-AE32-7D9DF1758A9D}.Debug|x86.ActiveCfg = Debug|Win32
		{0986A4DB-8E72-4BB7-AE32-7D9DF1758A9D}.Debug|x86.Build.0 = Debug|Win32
		{0986A4DB-8E72-4BB7-AE32-7D9DF1758A9D}.Release|ARM64.ActiveCfg = Release|ARM64
		{0986A4DB-8E72-4BB7-AE32-7D9DF1758A9D}.Release|ARM64.Build.0 = Release|ARM64
		{0986A4DB-8E72-4BB7-AE32-7D9DF1758A9D}.Release|x64.ActiveCfg = Release|x64
		{0986A4DB-8E72-4BB7-AE32-7D9DF1758A9D}.Release|x64.Build.0 = Release|x64
		{0986A4DB-8E72-4BB7-AE32-7D9DF1758A9D}.Release|x86.ActiveCfg = Release|Win32
		{0986A4DB-8E72-4BB7-AE32-7D9DF1758A9D}.Release|x86.Build.0 = Release|Win32
		{CA54A654-5E81-44DC-AF3F-CF55EF5B493A}.Debug|ARM64.ActiveCfg = Debug|ARM64
		{CA54A654-5E81-44DC-AF3F-CF55EF5B493A}.Debug|ARM64.Build.0 = Debug|ARM64
		{CA54A654-5E81-44DC-AF3F-CF55EF5B493A}.Debug|x64.ActiveCfg = Debug|x64
		{CA54A654-5E81-44DC-AF3F-CF55EF5B493A}.Debug|x64.Build.0 = Debug|x64
		{CA54A654-5E81-44DC-AF3F-CF55EF5B493A}.Debug|x86.ActiveCfg = Debug|Win32
		{CA54A654-5E81-44DC-AF3F-CF55EF5B493A}.Debug|x86.Build.0 = Debug|Win32
		{CA54A654-5E81-44DC-AF3F-CF55EF5B493A}.Release|ARM64.ActiveCfg = Release|ARM64
		{CA54A654-5E81-44DC-AF3F-CF55EF5B493A}.Release|ARM64.Build.0 = Release|ARM64
		{CA54A654-5E81-44DC-AF3F-CF55EF5B493A}.Release|x64.ActiveCfg = Release|x64
		{CA54A654-5E81-44DC-AF3F-CF55EF5B493A}.Release|x64.Build.0 = Release|x64
		{CA54A654-5E81-44DC-AF3F-CF55EF5B493A}.Release|x86.ActiveCfg = Release|Win32
		{CA54A654-5E81-44DC-AF3F-CF55EF5B493A}.Release|x86.Build.0 = Release|Win32
		{685A83AE-36BC-4E9D-BDC6-417EBF168463}.Debug|ARM64.ActiveCfg = Debug|ARM64
		{685A83AE-36BC-4E9D-BDC6-417EBF168463}.Debug|ARM64.Build.0 = Debug|ARM64
		{685A83AE-36BC-4E9D-BDC6-417EBF168463}.Debug|x64.ActiveCfg = Debug|x64
		{685A83AE-36BC-4E9D-BDC6-417EBF168463}.Debug|x64.Build.0 = Debug|x64
		{685A83AE-36BC-4E9D-BDC6-417EBF168463}.Debug|x86.ActiveCfg = Debug|Win32
		{685A83AE-36BC-4E9D-BDC6-417EBF168463}.Debug|x86.Build.0 = Debug|Win32
		{685A83AE-36BC-4E9D-BDC6-417EBF168463}.Release|ARM64.ActiveCfg = Release|ARM64
		{685A83AE-36BC-4E9D-BDC6-417EBF168463}.Release|ARM64.Build.0 = Release|ARM64
		{685A83AE-36BC-4E9D-BDC6-417EBF168463}.Release|x64.ActiveCfg = Release|x64
		{685A83AE-36BC-4E9D-BDC6-417EBF168463}.Release|x64.Build.0 = Release|x64
		{685A83AE-36BC-4E9D-BDC6-417EBF168463}.Release|x86.ActiveCfg = Release|Win32
		{685A83AE-36BC-4E9D-BDC6-417EBF168463}.Release|x86.Build.0 = Release|Win32
		{BEDCC600-4541-41F2-AA46-9E058202B6AD}.Debug|ARM64.ActiveCfg = Debug|ARM64
		{BEDCC600-4541-41F2-AA46-9E058202B6AD}.Debug|ARM64.Build.0 = Debug|ARM64
		{BEDCC600-4541-41F2-AA46-9E058202B6AD}.Debug|x64.ActiveCfg = Debug|x64
		{BEDCC600-4541-41F2-AA46-9E058202B6AD}.Debug|x64.Build.0 = Debug|x64
		{BEDCC600-4541-41F2-AA46-9E058202B6AD}.Debug|x86.ActiveCfg = Debug|Win32
		{BEDCC600-4541-41F2-AA46-9E058202B6AD}.Debug|x86.Build.0 = Debug|Win32
		{BEDCC600-4541-41F2-AA46-9E058202B6AD}.Release|ARM64.ActiveCfg = Release|ARM64
		{BEDCC600-4541-41F2-AA46-9E058202B6AD}.Release|ARM64.Build.0 = Release|ARM64
		{BEDCC600-4541-41F2-AA46-9E058202B6AD}.Release|x64.ActiveCfg = Release|x64
		{BEDCC600-4541-41F2-AA46-9E058202B6AD}.Release|x64.Build.0 = Release|x64
		{BEDCC600-4541-41F2-AA46-9E058202B6AD}.Release|x86.ActiveCfg = Release|Win32
		{BEDCC600-4541-41F2-AA46-9E058202B6AD}.Release|x86.Build.0 = Release|Win32
		{F96593A0-46B4-47DA-A15A-7A135934CE1F}.Debug|ARM64.ActiveCfg = Debug|ARM64
		{F96593A0-46B4-47DA-A15A-7A135934CE1F}.Debug|ARM64.Build.0 = Debug|ARM64
		{F96593A0-46B4-47DA-A15A-7A135934CE1F}.Debug|x64.ActiveCfg = Debug|x64
		{F96593A0-46B4-47DA-A15A-7A135934CE1F}.Debug|x64.Build.0 = Debug|x64
		{F96593A0-46B4-47DA-A15A-7A135934CE1F}.Debug|x86.ActiveCfg = Debug|Win32
		{F96593A0-46B4-47DA-A15A-7A135934CE1F}.Debug|x86.Build.0 = Debug|Win32
		{F96593A0-46B4-47DA-A15A-7A135934CE1F}.Release|ARM64.ActiveCfg = Release|ARM64
		{F96593A0-46B4-47DA-A15A-7A135934CE1F}.Release|ARM64.Build.0 = Release|ARM64
		{F96593A0-46B4-47DA-A15A-7A135934CE1F}.Release|x64.ActiveCfg = Release|x64
		{F96593A0-46B4-47DA-A15A-7A135934CE1F}.Release|x64.Build.0 = Release|x64
		{F96593A0-46B4-47DA-A15A-7A135934CE1F}.Release|x86.ActiveCfg = Release|Win32
		{F96593A0-46B4-47DA-A15A-7A135934CE1F}.Release|x86.Build.0 = Release|Win32
		{F1F427C9-66A2-4ED5-B482-3D583B6B20C7}.Debug|ARM64.ActiveCfg = Debug|ARM64
		{F1F427C9-66A2-4ED5-B482-3D583B6B20C7}.Debug|ARM64.Build.0 = Debug|ARM64
		{F1F427C9-66A2-4ED5-B482-3D583B6B20C7}.Debug|x64.ActiveCfg = Debug|x64
		{F1F427C9-66A2-4ED5-B482-3D583B6B20C7}.Debug|x64.Build.0 = Debug|x64
		{F1F427C9-66A2-4ED5-B482-3D583B6B20C7}.Debug|x86.ActiveCfg = Debug|Win32
		{F1F427C9-66A2-4ED5-B482-3D583B6B20C7}.Debug|x86.Build.0 = Debug|Win32
		{F1F427C9-66A2-4ED5-B482-3D583B6B20C7}.Release|ARM64.ActiveCfg = Release|ARM64
		{F1F427C9-66A2-4ED5-B482-3D583B6B20C7}.Release|ARM64.Build.0 = Release|ARM64
		{F1F427C9-66A2-4ED5-B482-3D583B6B20C7}.Release|x64.ActiveCfg = Release|x64
		{F1F427C9-66A2-4ED5-B482-3D583B6B20C7}.Release|x64.Build.0 = Release|x64
		{F1F427C9-66A2-4ED5-B482-3D583B6B20C7}.Release|x86.ActiveCfg = Release|Win32
		{F1F427C9-66A2-4ED5-B482-3D583B6B20C7}.Release|x86.Build.0 = Release|Win32
		{3E3931F2-4735-4417-8CB0-33668A7314D6}.Debug|ARM64.ActiveCfg = Debug|ARM64
		{3E3931F2-4735-4417-8CB0-33668A7314D6}.Debug|ARM64.Build.0 = Debug|ARM64
		{3E3931F2-4735-4417-8CB0-33668A7314D6}.Debug|x64.ActiveCfg = Debug|x64
		{3E3931F2-4735-4417-8CB0-33668A7314D6}.Debug|x64.Build.0 = Debug|x64
		{3E3931F2-4735-4417-8CB0-33668A7314D6}.Debug|x86.ActiveCfg = Debug|Win32
		{3E3931F2-4735-4417-8CB0-33668A7314D6}.Debug|x86.Build.0 = Debug|Win32
		{3E3931F2-4735-4417-8CB0-33668A7314D6}.Release|ARM64.ActiveCfg = Release|ARM64
		{3E3931F2-4735-4417-8CB0-33668A7314D6}.Release|ARM64.Build.0 = Release|ARM64
		{3E3931F2-4735-4417-8CB0-33668A7314D6}.Release|x64.ActiveCfg = Release|x64
		{3E3931F2-4735-4417-8CB0-33668A7314D6}.Release|x64.Build.0 = Release|x64
		{3E3931F2-4735-4417-8CB0-33668A7314D6}.Release|x86.ActiveCfg = Release|Win32
		{3E3931F2-4735-4417-8CB0-33668A7314D6}.Release|x86.Build.0 = Release|Win32
		{99677B9D-A27B-4239-930E-C36C8D339C54}.Debug|ARM64.ActiveCfg = Debug|ARM64
		{99677B9D-A27B-4239-930E-C36C8D339C54}.Debug|ARM64.Build.0 = Debug|ARM64
		{99677B9D-A27B-4239-930E-C36C8D339C54}.Debug|x64.ActiveCfg = Debug|x64
		{99677B9D-A27B-4239-930E-C36C8D339C54}.Debug|x64.Build.0 = Debug|x64
		{99677B9D-A27B-4239-930E-C36C8D339C54}.Debug|x86.ActiveCfg = Debug|Win32
		{99677B9D-A27B-4239-930E-C36C8D339C54}.Debug|x86.Build.0 = Debug|Win32
		{99677B9D-A27B-4239-930E-C36C8D339C54}.Release|ARM64.ActiveCfg = Release|ARM64
		{99677B9D-A27B-4239-930E-C36C8D339C54}.Release|ARM64.Build.0 = Release|ARM64
		{99677B9D-A27B-4239-930E-C36C8D339C54}.Release|x64.ActiveCfg = Release|x64
		{99677B9D-A27B-4239-930E-C36C8D339C54}.Release|x64.Build.0 = Release|x64
		{99677B9D-A27B-4239-930E-C36C8D339C54}.Release|x86.ActiveCfg = Release|Win32
		{99677B9D-A27B-4239-930E-C36C8D339C54}.Release|x86.Build.0 = Release|Win32
		{6F9AC236-D97D-4C75-971B-91AC99D7C23B}.Debug|ARM64.ActiveCfg = Debug|ARM64
		{6F9AC236-D97D-4C75-971B-91AC99D7C23B}.Debug|ARM64.Build.0 = Debug|ARM64
		{6F9AC236-D97D-4C75-971B-91AC99D7C23B}.Debug|x64.ActiveCfg = Debug|x64
		{6F9AC236-D97D-4C75-971B-91AC99D7C23B}.Debug|x64.Build.0 = Debug|x64
		{6F9AC236-D97D-4C75-971B-91AC99D7C23B}.Debug|x86.ActiveCfg = Debug|Win32
		{6F9AC236-D97D-4C75-971B-91AC99D7C23B}.Debug|x86.Build.0 = Debug|Win32
		{6F9AC236-D97D-4C75-971B-91AC99D7C23B}.Release|ARM64.ActiveCfg = Release|ARM64
		{6F9AC236-D97D-4C75-971B-91AC99D7C23B}.Release|ARM64.Build.0 = Release|ARM64
		{6F9AC236-D97D-4C75-971B-91AC99D7C23B}.Release|x64.ActiveCfg = Release|x64
		{6F9AC236-D97D-4C75-971B-91AC99D7C23B}.Release|x64.Build.0 = Release|x64
		{6F9AC236-D97D-4C75-971B-91AC99D7C23B}.Release|x86.ActiveCfg = Release|Win32
		{6F9AC236-D97D-4C75-971B-91AC99D7C23B}.Release|x86.Build.0 = Release|Win32
		{471024F1-CD6D-4F1E-A6C7-0037152C850E}.Debug|ARM64.ActiveCfg = Debug|ARM64
		{471024F1-CD6D-4F1E-A6C7-0037152C850E}.Debug|ARM64.Build.0 = Debug|ARM64
		{471024F1-CD6D-4F1E-A6C7-0037152C850E}.Debug|x64.ActiveCfg = Debug|x64
		{471024F1-CD6D-4F1E-A6C7-0037152C850E}.Debug|x64.Build.0 = Debug|x64
		{471024F1-CD6D-4F1E-A6C7-0037152C850E}.Debug|x86.ActiveCfg = Debug|Win32
		{471024F1-CD6D-4F1E-A6C7-0037152C850E}.Debug|x86.Build.0 = Debug|Win32
		{471024F1-CD6D-4F1E-A6C7-0037152C850E}.Release|ARM64.ActiveCfg = Release|ARM64
		{471024F1-CD6D-4F1E-A6C7-0037152C850E}.Release|ARM64.Build.0 = Release|ARM64
		{471024F1-CD6D-4F1E-A6C7-0037152C850E}.Release|x64.ActiveCfg = Release|x64
		{471024F1-CD6D-4F1E-A6C7-0037152C850E}.Release|x64.Build.0 = Release|x64
		{471024F1-CD6D-4F1E-A6C7-0037152C850E}.Release|x86.ActiveCfg = Release|Win32
		{471024F1-CD6D-4F1E-A6C7-0037152C850E}.Release|x86.Build.0 = Release|Win32
		{CC51D49E-7FAB-42D2-825D-5E93AC57262C}.Debug|ARM64.ActiveCfg = Debug|ARM64
		{CC51D49E-7FAB-42D2-825D-5E93AC57262C}.Debug|ARM64.Build.0 = Debug|ARM64
		{CC51D49E-7FAB-42D2-825D-5E93AC57262C}.Debug|x64.ActiveCfg = Debug|x64
		{CC51D49E-7FAB-42D2-825D-5E93AC57262C}.Debug|x64.Build.0 = Debug|x64
		{CC51D49E-7FAB-42D2-825D-5E93AC57262C}.Debug|x86.ActiveCfg = Debug|Win32
		{CC51D49E-7FAB-42D2-825D-5E93AC57262C}.Debug|x86.Build.0 = Debug|Win32
		{CC51D49E-7FAB-42D2-825D-5E93AC57262C}.Release|ARM64.ActiveCfg = Release|ARM64
		{CC51D49E-7FAB-42D2-825D-5E93AC57262C}.Release|ARM64.Build.0 = Release|ARM64
		{CC51D49E-7FAB-42D2-825D-5E93AC57262C}.Release|x64.ActiveCfg = Release|x64
		{CC51D49E-7FAB-42D2-825D-5E93AC57262C}.Release|x64.Build.0 = Release|x64
		{CC51D49E-7FAB-42D2-825D-5E93AC57262C}.Release|x86.ActiveCfg = Release|Win32
		{CC51D49E-7FAB-42D2-825D-5E93AC57262C}.Release|x86.Build.0 = Release|Win32
		{B250B404-D1A2-4171-851E-E80BA031DAF0}.Debug|ARM64.ActiveCfg = Debug|ARM64
		{B250B404-D1A2-4171-851E-E80BA031DAF0}.Debug|ARM64.Build.0 = Debug|ARM64
		{B250B404-D1A2-4171-851E-E80BA031DAF0}.Debug|x64.ActiveCfg = Debug|x64
		{B250B404-D1A2-4171-851E-E80BA031DAF0}.Debug|x64.Build.0 = Debug|x64
		{B250B404-D1A2-4171-851E-E80BA031DAF0}.Debug|x86.ActiveCfg = Debug|Win32
		{B250B404-D1A2-4171-851E-E80BA031DAF0}.Debug|x86.Build.0 = Debug|Win32
		{B250B404-D1A2-4171-851E-E80BA031DAF0}.Release|ARM64.ActiveCfg = Release|ARM64
		{B250B404-D1A2-4171-851E-E80BA031DAF0}.Release|ARM64.Build.0 = Release|ARM64
		{B250B404-D1A2-4171-851E-E80BA031DAF0}.Release|x64.ActiveCfg = Release|x64
		{B250B404-D1A2-4171-851E-E80BA031DAF0}.Release|x64.Build.0 = Release|x64
		{B250B404-D1A2-4171-851E-E80BA031DAF0}.Release|x86.ActiveCfg = Release|Win32
		{B250B404-D1A2-4171-851E-E80BA031DAF0}.Release|x86.Build.0 = Release|Win32
		{00AA3765-C6A0-4713-B3F9-BFE47B9C83F5}.Debug|ARM64.ActiveCfg = Debug|ARM64
		{00AA3765-C6A0-4713-B3F9-BFE47B9C83F5}.Debug|ARM64.Build.0 = Debug|ARM64
		{00AA3765-C6A0-4713-B3F9-BFE47B9C83F5}.Debug|x64.ActiveCfg = Debug|x64
		{00AA3765-C6A0-4713-B3F9-BFE47B9C83F5}.Debug|x64.Build.0 = Debug|x64
		{00AA3765-C6A0-4713-B3F9-BFE47B9C83F5}.Debug|x86.ActiveCfg = Debug|Win32
		{00AA3765-C6A0-4713-B3F9-BFE47B9C83F5}.Debug|x86.Build.0 = Debug|Win32
		{00AA3765-C6A0-4713-B3F9-BFE47B9C83F5}.Release|ARM64.ActiveCfg = Release|ARM64
		{00AA3765-C6A0-4713-B3F9-BFE47B9C83F5}.Release|ARM64.Build.0 = Release|ARM64
		{00AA3765-C6A0-4713-B3F9-BFE47B9C83F5}.Release|x64.ActiveCfg = Release|x64
		{00AA3765-C6A0-4713-B3F9-BFE47B9C83F5}.Release|x64.Build.0 = Release|x64
		{00AA3765-C6A0-4713-B3F9-BFE47B9C83F5}.Release|x86.ActiveCfg = Release|Win32
		{00AA3765-C6A0-4713-B3F9-BFE47B9C83F5}.Release|x86.Build.0 = Release|Win32
		{0FF7027A-222C-4FFB-8F17-91D18BBAF7A8}.Debug|ARM64.ActiveCfg = Debug|ARM64
		{0FF7027A-222C-4FFB-8F17-91D18BBAF7A8}.Debug|ARM64.Build.0 = Debug|ARM64
		{0FF7027A-222C-4FFB-8F17-91D18BBAF7A8}.Debug|x64.ActiveCfg = Debug|x64
		{0FF7027A-222C-4FFB-8F17-91D18BBAF7A8}.Debug|x64.Build.0 = Debug|x64
		{0FF7027A-222C-4FFB-8F17-91D18BBAF7A8}.Debug|x86.ActiveCfg = Debug|Win32
		{0FF7027A-222C-4FFB-8F17-91D18BBAF7A8}.Debug|x86.Build.0 = Debug|Win32
		{0FF7027A-222C-4FFB-8F17-91D18BBAF7A8}.Release|ARM64.ActiveCfg = Release|ARM64
		{0FF7027A-222C-4FFB-8F17-91D18BBAF7A8}.Release|ARM64.Build.0 = Release|ARM64
		{0FF7027A-222C-4FFB-8F17-91D18BBAF7A8}.Release|x64.ActiveCfg = Release|x64
		{0FF7027A-222C-4FFB-8F17-91D18BBAF7A8}.Release|x64.Build.0 = Release|x64
		{0FF7027A-222C-4FFB-8F17-91D18BBAF7A8}.Release|x86.ActiveCfg = Release|Win32
		{0FF7027A-222C-4FFB-8F17-91D18BBAF7A8}.Release|x86.Build.0 = Release|Win32
		{82BF2B2C-EDA5-47CA-A9F5-56BA622A15EA}.Debug|ARM64.ActiveCfg = Debug|ARM64
		{82BF2B2C-EDA5-47CA-A9F5-56BA622A15EA}.Debug|ARM64.Build.0 = Debug|ARM64
		{82BF2B2C-EDA5-47CA-A9F5-56BA622A15EA}.Debug|x64.ActiveCfg = Debug|x64
		{82BF2B2C-EDA5-47CA-A9F5-56BA622A15EA}.Debug|x64.Build.0 = Debug|x64
		{82BF2B2C-EDA5-47CA-A9F5-56BA622A15EA}.Debug|x86.ActiveCfg = Debug|Win32
		{82BF2B2C-EDA5-47CA-A9F5-56BA622A15EA}.Debug|x86.Build.0 = Debug|Win32
		{82BF2B2C-EDA5-47CA-A9F5-56BA622A15EA}.Release|ARM64.ActiveCfg = Release|ARM64
		{82BF2B2C-EDA5-47CA-A9F5-56BA622A15EA}.Release|ARM64.Build.0 = Release|ARM64
		{82BF2B2C-EDA5-47CA-A9F5-56BA622A15EA}.Release|x64.ActiveCfg = Release|x64
		{82BF2B2C-EDA5-47CA-A9F5-56BA622A15EA}.Release|x64.Build.0 = Release|x64
		{82BF2B2C-EDA5-47CA-A9F5-56BA622A15EA}.Release|x86.ActiveCfg = Release|Win32
		{82BF2B2C-EDA5-47CA-A9F5-56BA622A15EA}.Release|x86.Build.0 = Release|Win32
	EndGlobalSection
	GlobalSection(SolutionProperties) = preSolution
		HideSolutionNode = FALSE
	EndGlobalSection
	GlobalSection(NestedProjects) = preSolution
		{A990658C-CE31-4BCC-976F-0FC6B1AF693D} = {5EA20F54-880A-49F3-99FA-4B3FE54E8AB1}
		{14B93DC8-FD93-4A6D-81CB-8BC96644501C} = {5EA20F54-880A-49F3-99FA-4B3FE54E8AB1}
		{A9D95A91-4DB7-4F72-BEB6-FE8A5C89BFBD} = {5EA20F54-880A-49F3-99FA-4B3FE54E8AB1}
		{C38970C0-5FBF-4D69-90D8-CBAC225AE895} = {5EA20F54-880A-49F3-99FA-4B3FE54E8AB1}
		{F7D32BD0-2749-483E-9A0D-1635EF7E3136} = {5EA20F54-880A-49F3-99FA-4B3FE54E8AB1}
		{DA8B35B3-DA00-4B02-BDE6-6A397B3FD46B} = {5EA20F54-880A-49F3-99FA-4B3FE54E8AB1}
		{FCA38F3C-7C73-4C47-BE4E-32F77FA8538D} = {5EA20F54-880A-49F3-99FA-4B3FE54E8AB1}
		{2049DBE9-8D13-42C9-AE4B-413AE38FFFD0} = {5EA20F54-880A-49F3-99FA-4B3FE54E8AB1}
		{84E05BFA-CBAF-4F0D-BFB6-4CE85742A57E} = {5EA20F54-880A-49F3-99FA-4B3FE54E8AB1}
		{EF074BA1-2D54-4D49-A28E-5E040B47CD2E} = {5EA20F54-880A-49F3-99FA-4B3FE54E8AB1}
	EndGlobalSection
	GlobalSection(ExtensibilityGlobals) = postSolution
		SolutionGuid = {D43FAD39-F619-437D-BB40-04A3982ACB6A}
	EndGlobalSection
	GlobalSection(SharedMSBuildProjectFiles) = preSolution
		..\node_modules\react-native-windows\Microsoft.ReactNative.Cxx\Microsoft.ReactNative.Cxx.vcxitems*{00aa3765-c6a0-4713-b3f9-bfe47b9c83f5}*SharedItemsImports = 4
		..\node_modules\react-native-windows\Microsoft.ReactNative.Cxx\Microsoft.ReactNative.Cxx.vcxitems*{0986a4db-8e72-4bb7-ae32-7d9df1758a9d}*SharedItemsImports = 4
		..\node_modules\react-native-windows\Shared\Shared.vcxitems*{2049dbe9-8d13-42c9-ae4b-413ae38fffd0}*SharedItemsImports = 9
		..\node_modules\react-native-windows\Microsoft.ReactNative.Cxx\Microsoft.ReactNative.Cxx.vcxitems*{685a83ae-36bc-4e9d-bdc6-417ebf168463}*SharedItemsImports = 4
		..\node_modules\react-native-windows\Mso\Mso.vcxitems*{84e05bfa-cbaf-4f0d-bfb6-4ce85742a57e}*SharedItemsImports = 9
		..\node_modules\react-native-windows\Microsoft.ReactNative.Cxx\Microsoft.ReactNative.Cxx.vcxitems*{99a938fa-9ff3-47a0-9256-195a06e7fdd1}*SharedItemsImports = 4
		..\node_modules\react-native-windows\Chakra\Chakra.vcxitems*{c38970c0-5fbf-4d69-90d8-cbac225ae895}*SharedItemsImports = 9
		..\node_modules\react-native-windows\Microsoft.ReactNative.Cxx\Microsoft.ReactNative.Cxx.vcxitems*{da8b35b3-da00-4b02-bde6-6a397b3fd46b}*SharedItemsImports = 9
		..\node_modules\react-native-windows\include\Include.vcxitems*{ef074ba1-2d54-4d49-a28e-5e040b47cd2e}*SharedItemsImports = 9
		..\node_modules\react-native-windows\Chakra\Chakra.vcxitems*{f7d32bd0-2749-483e-9a0d-1635ef7e3136}*SharedItemsImports = 4
		..\node_modules\react-native-windows\Microsoft.ReactNative.Cxx\Microsoft.ReactNative.Cxx.vcxitems*{f7d32bd0-2749-483e-9a0d-1635ef7e3136}*SharedItemsImports = 4
		..\node_modules\react-native-windows\Mso\Mso.vcxitems*{f7d32bd0-2749-483e-9a0d-1635ef7e3136}*SharedItemsImports = 4
		..\node_modules\react-native-windows\Shared\Shared.vcxitems*{f7d32bd0-2749-483e-9a0d-1635ef7e3136}*SharedItemsImports = 4
	EndGlobalSection
EndGlobal
